{
  "requires": true,
  "lockfileVersion": 1,
  "dependencies": {
    "webix": {
      "version": "6.4.0",
      "resolved": "https://registry.npmjs.org/webix/-/webix-6.4.0.tgz",
      "integrity": "sha512-ymRMHn5z4u4LBWsf9fN7A7xJPUB05NefRGh3CLQUjfOTrLRK3RTiJODMFAuNKtWgWIuFIpcL4FL90MBvHwMgyw=="
    }
  }
}
